
Microsoft Visual Studio Solution File, Format Version 12.00
# Visual Studio Version 16
VisualStudioVersion = 16.0.31613.86
MinimumVisualStudioVersion = 10.0.40219.1
Project("{FAE04EC0-301F-11D3-BF4B-00C04F79EFBC}") = "bweilandt1730ex1b", "bweilandt1730ex1b\bweilandt1730ex1b.csproj", "{9D508102-151C-4662-93B5-55128EAC26A2}"
EndProject
Project("{FAE04EC0-301F-11D3-BF4B-00C04F79EFBC}") = "bweilandt1c1", "bweilandt1c1\bweilandt1c1.csproj", "{E434A32F-E4D2-4BFC-B28A-4FC73578A89E}"
EndProject
Project("{FAE04EC0-301F-11D3-BF4B-00C04F79EFBC}") = "bweilandt1d1", "bweilandt1d1\bweilandt1d1.csproj", "{6EDB8FEE-F5FA-4C7B-879B-FCF928EACB6A}"
EndProject
Project("{FAE04EC0-301F-11D3-BF4B-00C04F79EFBC}") = "bweilandt1e1", "bweilandt1e1\bweilandt1e1.csproj", "{EBD2C92E-D750-4AA3-9B4B-FDF789F91502}"
EndProject
Project("{FAE04EC0-301F-11D3-BF4B-00C04F79EFBC}") = "bweilandt1f1", "bweilandt1f1\bweilandt1f1.csproj", "{D0E31062-5524-4A73-88F5-64D821598537}"
EndProject
Project("{FAE04EC0-301F-11D3-BF4B-00C04F79EFBC}") = "VariableSamp", "VariableSamp\VariableSamp.csproj", "{8CAD6261-9100-49B3-BCE9-FE7AE76A887C}"
EndProject
Project("{FAE04EC0-301F-11D3-BF4B-00C04F79EFBC}") = "bweilandt2a1", "bweilandt2a1\bweilandt2a1.csproj", "{D1A321A9-9B45-4B0C-949C-02FC337C79A1}"
EndProject
Project("{FAE04EC0-301F-11D3-BF4B-00C04F79EFBC}") = "bweilandt2b1", "bweilandt2b1\bweilandt2b1.csproj", "{1EC4F1BB-7C56-4237-91F2-1D6D1120C0F7}"
EndProject
Project("{FAE04EC0-301F-11D3-BF4B-00C04F79EFBC}") = "bweilandt2d1", "bweilandt2d1\bweilandt2d1.csproj", "{C5BD3D72-5078-432D-A43E-5E978382119D}"
EndProject
Project("{FAE04EC0-301F-11D3-BF4B-00C04F79EFBC}") = "bweilandt2e1", "bweilandt2e1\bweilandt2e1.csproj", "{4D5AE860-4396-44EB-8A85-1B6698B7441A}"
EndProject
Global
	GlobalSection(SolutionConfigurationPlatforms) = preSolution
		Debug|Any CPU = Debug|Any CPU
		Release|Any CPU = Release|Any CPU
	EndGlobalSection
	GlobalSection(ProjectConfigurationPlatforms) = postSolution
		{9D508102-151C-4662-93B5-55128EAC26A2}.Debug|Any CPU.ActiveCfg = Debug|Any CPU
		{9D508102-151C-4662-93B5-55128EAC26A2}.Debug|Any CPU.Build.0 = Debug|Any CPU
		{9D508102-151C-4662-93B5-55128EAC26A2}.Release|Any CPU.ActiveCfg = Release|Any CPU
		{9D508102-151C-4662-93B5-55128EAC26A2}.Release|Any CPU.Build.0 = Release|Any CPU
		{E434A32F-E4D2-4BFC-B28A-4FC73578A89E}.Debug|Any CPU.ActiveCfg = Debug|Any CPU
		{E434A32F-E4D2-4BFC-B28A-4FC73578A89E}.Debug|Any CPU.Build.0 = Debug|Any CPU
		{E434A32F-E4D2-4BFC-B28A-4FC73578A89E}.Release|Any CPU.ActiveCfg = Release|Any CPU
		{E434A32F-E4D2-4BFC-B28A-4FC73578A89E}.Release|Any CPU.Build.0 = Release|Any CPU
		{6EDB8FEE-F5FA-4C7B-879B-FCF928EACB6A}.Debug|Any CPU.ActiveCfg = Debug|Any CPU
		{6EDB8FEE-F5FA-4C7B-879B-FCF928EACB6A}.Debug|Any CPU.Build.0 = Debug|Any CPU
		{6EDB8FEE-F5FA-4C7B-879B-FCF928EACB6A}.Release|Any CPU.ActiveCfg = Release|Any CPU
		{6EDB8FEE-F5FA-4C7B-879B-FCF928EACB6A}.Release|Any CPU.Build.0 = Release|Any CPU
		{EBD2C92E-D750-4AA3-9B4B-FDF789F91502}.Debug|Any CPU.ActiveCfg = Debug|Any CPU
		{EBD2C92E-D750-4AA3-9B4B-FDF789F91502}.Debug|Any CPU.Build.0 = Debug|Any CPU
		{EBD2C92E-D750-4AA3-9B4B-FDF789F91502}.Release|Any CPU.ActiveCfg = Release|Any CPU
		{EBD2C92E-D750-4AA3-9B4B-FDF789F91502}.Release|Any CPU.Build.0 = Release|Any CPU
		{D0E31062-5524-4A73-88F5-64D821598537}.Debug|Any CPU.ActiveCfg = Debug|Any CPU
		{D0E31062-5524-4A73-88F5-64D821598537}.Debug|Any CPU.Build.0 = Debug|Any CPU
		{D0E31062-5524-4A73-88F5-64D821598537}.Release|Any CPU.ActiveCfg = Release|Any CPU
		{D0E31062-5524-4A73-88F5-64D821598537}.Release|Any CPU.Build.0 = Release|Any CPU
		{8CAD6261-9100-49B3-BCE9-FE7AE76A887C}.Debug|Any CPU.ActiveCfg = Debug|Any CPU
		{8CAD6261-9100-49B3-BCE9-FE7AE76A887C}.Debug|Any CPU.Build.0 = Debug|Any CPU
		{8CAD6261-9100-49B3-BCE9-FE7AE76A887C}.Release|Any CPU.ActiveCfg = Release|Any CPU
		{8CAD6261-9100-49B3-BCE9-FE7AE76A887C}.Release|Any CPU.Build.0 = Release|Any CPU
		{D1A321A9-9B45-4B0C-949C-02FC337C79A1}.Debug|Any CPU.ActiveCfg = Debug|Any CPU
		{D1A321A9-9B45-4B0C-949C-02FC337C79A1}.Debug|Any CPU.Build.0 = Debug|Any CPU
		{D1A321A9-9B45-4B0C-949C-02FC337C79A1}.Release|Any CPU.ActiveCfg = Release|Any CPU
		{D1A321A9-9B45-4B0C-949C-02FC337C79A1}.Release|Any CPU.Build.0 = Release|Any CPU
		{1EC4F1BB-7C56-4237-91F2-1D6D1120C0F7}.Debug|Any CPU.ActiveCfg = Debug|Any CPU
		{1EC4F1BB-7C56-4237-91F2-1D6D1120C0F7}.Debug|Any CPU.Build.0 = Debug|Any CPU
		{1EC4F1BB-7C56-4237-91F2-1D6D1120C0F7}.Release|Any CPU.ActiveCfg = Release|Any CPU
		{1EC4F1BB-7C56-4237-91F2-1D6D1120C0F7}.Release|Any CPU.Build.0 = Release|Any CPU
		{C5BD3D72-5078-432D-A43E-5E978382119D}.Debug|Any CPU.ActiveCfg = Debug|Any CPU
		{C5BD3D72-5078-432D-A43E-5E978382119D}.Debug|Any CPU.Build.0 = Debug|Any CPU
		{C5BD3D72-5078-432D-A43E-5E978382119D}.Release|Any CPU.ActiveCfg = Release|Any CPU
		{C5BD3D72-5078-432D-A43E-5E978382119D}.Release|Any CPU.Build.0 = Release|Any CPU
		{4D5AE860-4396-44EB-8A85-1B6698B7441A}.Debug|Any CPU.ActiveCfg = Debug|Any CPU
		{4D5AE860-4396-44EB-8A85-1B6698B7441A}.Debug|Any CPU.Build.0 = Debug|Any CPU
		{4D5AE860-4396-44EB-8A85-1B6698B7441A}.Release|Any CPU.ActiveCfg = Release|Any CPU
		{4D5AE860-4396-44EB-8A85-1B6698B7441A}.Release|Any CPU.Build.0 = Release|Any CPU
	EndGlobalSection
	GlobalSection(SolutionProperties) = preSolution
		HideSolutionNode = FALSE
	EndGlobalSection
	GlobalSection(ExtensibilityGlobals) = postSolution
		SolutionGuid = {48144C0B-4BB5-440F-A86C-4A7D47D6B821}
	EndGlobalSection
EndGlobal
